
Microsoft Visual Studio Solution File, Format Version 12.00
# Visual Studio Version 16
VisualStudioVersion = 16.0.29230.47
MinimumVisualStudioVersion = 10.0.40219.1
Project("{8BC9CEB8-8B4A-11D0-8D11-00A0C91BC942}") = "myImgEditor", "myImgEditor\myImgEditor.vcxproj", "{91928353-DD5B-47DF-A132-753F3C0511DE}"
EndProject
Global
	GlobalSection(SolutionConfigurationPlatforms) = preSolution
		Debug|x64 = Debug|x64
		Debug|x86 = Debug|x86
		Release|x64 = Release|x64
		Release|x86 = Release|x86
	EndGlobalSection
	GlobalSection(ProjectConfigurationPlatforms) = postSolution
		{91928353-DD5B-47DF-A132-753F3C0511DE}.Debug|x64.ActiveCfg = Debug|x64
		{91928353-DD5B-47DF-A132-753F3C0511DE}.Debug|x64.Build.0 = Debug|x64
		{91928353-DD5B-47DF-A132-753F3C0511DE}.Debug|x86.ActiveCfg = Debug|Win32
		{91928353-DD5B-47DF-A132-753F3C0511DE}.Debug|x86.Build.0 = Debug|Win32
		{91928353-DD5B-47DF-A132-753F3C0511DE}.Release|x64.ActiveCfg = Release|x64
		{91928353-DD5B-47DF-A132-753F3C0511DE}.Release|x64.Build.0 = Release|x64
		{91928353-DD5B-47DF-A132-753F3C0511DE}.Release|x86.ActiveCfg = Release|Win32
		{91928353-DD5B-47DF-A132-753F3C0511DE}.Release|x86.Build.0 = Release|Win32
	EndGlobalSection
	GlobalSection(SolutionProperties) = preSolution
		HideSolutionNode = FALSE
	EndGlobalSection
	GlobalSection(ExtensibilityGlobals) = postSolution
		SolutionGuid = {18E1538A-6C30-4F68-8BA2-5FE494266D50}
	EndGlobalSection
EndGlobal
